
Microsoft Visual Studio Solution File, Format Version 12.00
# Visual Studio Version 16
VisualStudioVersion = 16.0.31424.327
MinimumVisualStudioVersion = 10.0.40219.1
Project("{8BC9CEB8-8B4A-11D0-8D11-00A0C91BC942}") = "Data_Structor", "Data_Structor.vcxproj", "{EBFB27EC-6983-4F82-A4DD-5407CA140A34}"
EndProject
Global
	GlobalSection(SolutionConfigurationPlatforms) = preSolution
		Debug|x64 = Debug|x64
		Debug|x86 = Debug|x86
		Release|x64 = Release|x64
		Release|x86 = Release|x86
	EndGlobalSection
	GlobalSection(ProjectConfigurationPlatforms) = postSolution
		{EBFB27EC-6983-4F82-A4DD-5407CA140A34}.Debug|x64.ActiveCfg = Debug|x64
		{EBFB27EC-6983-4F82-A4DD-5407CA140A34}.Debug|x64.Build.0 = Debug|x64
		{EBFB27EC-6983-4F82-A4DD-5407CA140A34}.Debug|x86.ActiveCfg = Debug|Win32
		{EBFB27EC-6983-4F82-A4DD-5407CA140A34}.Debug|x86.Build.0 = Debug|Win32
		{EBFB27EC-6983-4F82-A4DD-5407CA140A34}.Release|x64.ActiveCfg = Release|x64
		{EBFB27EC-6983-4F82-A4DD-5407CA140A34}.Release|x64.Build.0 = Release|x64
		{EBFB27EC-6983-4F82-A4DD-5407CA140A34}.Release|x86.ActiveCfg = Release|Win32
		{EBFB27EC-6983-4F82-A4DD-5407CA140A34}.Release|x86.Build.0 = Release|Win32
	EndGlobalSection
	GlobalSection(SolutionProperties) = preSolution
		HideSolutionNode = FALSE
	EndGlobalSection
	GlobalSection(ExtensibilityGlobals) = postSolution
		SolutionGuid = {BF0AF839-2584-4B78-A844-C5B4BC5B07A0}
	EndGlobalSection
EndGlobal
